{
  "pins" : [
    {
      "identity" : "catena",
      "kind" : "remoteSourceControl",
      "location" : "https://github.com/Fleuronic/Catena",
      "state" : {
        "branch" : "main",
        "revision" : "8323ea025431d255506c292fff1c8ccd016cec57"
      }
    },
    {
      "identity" : "catenary",
      "kind" : "remoteSourceControl",
      "location" : "https://github.com/Fleuronic/Catenary",
      "state" : {
        "branch" : "main",
        "revision" : "110fb9e750a901cd0b0b23ccd3af300209e33075"
      }
    },
    {
      "identity" : "differ",
      "kind" : "remoteSourceControl",
      "location" : "https://github.com/tonyarnold/Differ.git",
      "state" : {
        "revision" : "5520fda947f1f9777a806389c2ba587219bc0538",
        "version" : "1.4.6"
      }
    },
    {
      "identity" : "identity",
      "kind" : "remoteSourceControl",
      "location" : "https://github.com/JohnSundell/Identity",
      "state" : {
        "revision" : "c3c9102e8d5c2cfcc44a8c7c4bbb7cf3f7c12be9",
        "version" : "0.3.0"
      }
    },
    {
      "identity" : "persistdb",
      "kind" : "remoteSourceControl",
      "location" : "https://github.com/Fleuronic/PersistDB",
      "state" : {
        "branch" : "master",
        "revision" : "d4b550cb11f2abad400431d308291974cd14a6b9"
      }
    },
    {
      "identity" : "reactiveswift",
      "kind" : "remoteSourceControl",
      "location" : "https://github.com/ReactiveCocoa/ReactiveSwift.git",
      "state" : {
        "branch" : "swift-concurrency",
        "revision" : "3d40187c982346352d0adbe6b38e0e3d53fddc95"
      }
    },
    {
      "identity" : "schemata",
      "kind" : "remoteSourceControl",
      "location" : "https://github.com/Fleuronic/Schemata",
      "state" : {
        "branch" : "master",
        "revision" : "32be7bd5f65405678257aeee76859b03cffb89e7"
      }
    },
    {
      "identity" : "sociableweaver",
      "kind" : "remoteSourceControl",
      "location" : "https://github.com/NicholasBellucci/SociableWeaver.git",
      "state" : {
        "revision" : "dd8368fcf1f8fef5d672ea64775dc6f7b02d7a92",
        "version" : "0.1.12"
      }
    }
  ],
  "version" : 2
}
